// !$*UTF8*$!
{
	archiveVersion = 1;
	classes = {
	};
	objectVersion = 50;
	objects = {

/* Begin PBXBuildFile section */
		242FBC0222CCC01C001C6789 /* AppDelegate.swift in Sources */ = {isa = PBXBuildFile; fileRef = 242FBC0122CCC01C001C6789 /* AppDelegate.swift */; };
		242FBC0422CCC01C001C6789 /* ViewController.swift in Sources */ = {isa = PBXBuildFile; fileRef = 242FBC0322CCC01C001C6789 /* ViewController.swift */; };
		242FBC0722CCC01C001C6789 /* Main.storyboard in Resources */ = {isa = PBXBuildFile; fileRef = 242FBC0522CCC01C001C6789 /* Main.storyboard */; };
		242FBC0922CCC01E001C6789 /* Assets.xcassets in Resources */ = {isa = PBXBuildFile; fileRef = 242FBC0822CCC01E001C6789 /* Assets.xcassets */; };
		242FBC0C22CCC01E001C6789 /* LaunchScreen.storyboard in Resources */ = {isa = PBXBuildFile; fileRef = 242FBC0A22CCC01E001C6789 /* LaunchScreen.storyboard */; };
		242FBC1722CCC01E001C6789 /* PlacesPickerTests.swift in Sources */ = {isa = PBXBuildFile; fileRef = 242FBC1622CCC01E001C6789 /* PlacesPickerTests.swift */; };
		2465877922CE6C4200F17A44 /* GoogleMaps.framework in Frameworks */ = {isa = PBXBuildFile; fileRef = 2465877422CE6C4200F17A44 /* GoogleMaps.framework */; };
		2465877A22CE6C4300F17A44 /* GoogleMapsCore.framework in Frameworks */ = {isa = PBXBuildFile; fileRef = 2465877522CE6C4200F17A44 /* GoogleMapsCore.framework */; };
		2465877B22CE6C4300F17A44 /* GooglePlaces.framework in Frameworks */ = {isa = PBXBuildFile; fileRef = 2465877622CE6C4200F17A44 /* GooglePlaces.framework */; };
		2465877D22CE6C4300F17A44 /* GoogleMapsBase.framework in Frameworks */ = {isa = PBXBuildFile; fileRef = 2465877822CE6C4200F17A44 /* GoogleMapsBase.framework */; };
		2465878D22CE6DEF00F17A44 /* PlacePicker.framework in Frameworks */ = {isa = PBXBuildFile; fileRef = 2465878422CE6DEF00F17A44 /* PlacePicker.framework */; };
		2465879422CE6DEF00F17A44 /* PlacePicker_iOSTests.swift in Sources */ = {isa = PBXBuildFile; fileRef = 2465879322CE6DEF00F17A44 /* PlacePicker_iOSTests.swift */; };
		2465879622CE6DEF00F17A44 /* PlacePicker_iOS.h in Headers */ = {isa = PBXBuildFile; fileRef = 2465878622CE6DEF00F17A44 /* PlacePicker_iOS.h */; settings = {ATTRIBUTES = (Public, ); }; };
		2465879922CE6DEF00F17A44 /* PlacePicker.framework in Frameworks */ = {isa = PBXBuildFile; fileRef = 2465878422CE6DEF00F17A44 /* PlacePicker.framework */; };
		2465879A22CE6DEF00F17A44 /* PlacePicker.framework in Embed Frameworks */ = {isa = PBXBuildFile; fileRef = 2465878422CE6DEF00F17A44 /* PlacePicker.framework */; settings = {ATTRIBUTES = (CodeSignOnCopy, RemoveHeadersOnCopy, ); }; };
		246587A322CE6E1100F17A44 /* PlacePicker.swift in Sources */ = {isa = PBXBuildFile; fileRef = 246587A222CE6E1100F17A44 /* PlacePicker.swift */; };
		246587A422CF28D900F17A44 /* GoogleMaps.framework in Frameworks */ = {isa = PBXBuildFile; fileRef = 2465877422CE6C4200F17A44 /* GoogleMaps.framework */; };
		246587A522CF28D900F17A44 /* GoogleMapsBase.framework in Frameworks */ = {isa = PBXBuildFile; fileRef = 2465877822CE6C4200F17A44 /* GoogleMapsBase.framework */; };
		246587A622CF28D900F17A44 /* GoogleMapsCore.framework in Frameworks */ = {isa = PBXBuildFile; fileRef = 2465877522CE6C4200F17A44 /* GoogleMapsCore.framework */; };
		246587A722CF28D900F17A44 /* GooglePlaces.framework in Frameworks */ = {isa = PBXBuildFile; fileRef = 2465877622CE6C4200F17A44 /* GooglePlaces.framework */; };
		246587A922CF490B00F17A44 /* PlacePickerView.swift in Sources */ = {isa = PBXBuildFile; fileRef = 246587A822CF490B00F17A44 /* PlacePickerView.swift */; };
		246587AB22CF499800F17A44 /* PlacePickerController.swift in Sources */ = {isa = PBXBuildFile; fileRef = 246587AA22CF499800F17A44 /* PlacePickerController.swift */; };
		246587AD22CF49BB00F17A44 /* PlacePickerConfig.swift in Sources */ = {isa = PBXBuildFile; fileRef = 246587AC22CF49BB00F17A44 /* PlacePickerConfig.swift */; };
		24BC234522D1C41900AE02B9 /* DefaultPlacesListRenderer.swift in Sources */ = {isa = PBXBuildFile; fileRef = 24BC234422D1C41900AE02B9 /* DefaultPlacesListRenderer.swift */; };
		24BC234722D1F1F700AE02B9 /* PlacesPickerDelegate.swift in Sources */ = {isa = PBXBuildFile; fileRef = 24BC234622D1F1F700AE02B9 /* PlacesPickerDelegate.swift */; };
		24BC234922D1F2B400AE02B9 /* PlacesError.swift in Sources */ = {isa = PBXBuildFile; fileRef = 24BC234822D1F2B400AE02B9 /* PlacesError.swift */; };
		24BC234B22D1F2F100AE02B9 /* ListState.swift in Sources */ = {isa = PBXBuildFile; fileRef = 24BC234A22D1F2F100AE02B9 /* ListState.swift */; };
		24BC234D22D1F30E00AE02B9 /* PlacesListObjectType.swift in Sources */ = {isa = PBXBuildFile; fileRef = 24BC234C22D1F30E00AE02B9 /* PlacesListObjectType.swift */; };
		24BC234F22D1F49000AE02B9 /* PlacesListRenderer.swift in Sources */ = {isa = PBXBuildFile; fileRef = 24BC234E22D1F49000AE02B9 /* PlacesListRenderer.swift */; };
		24BC235122D1FE5E00AE02B9 /* PickerRenderer.swift in Sources */ = {isa = PBXBuildFile; fileRef = 24BC235022D1FE5E00AE02B9 /* PickerRenderer.swift */; };
		24BC235422D2187700AE02B9 /* Geocoder.swift in Sources */ = {isa = PBXBuildFile; fileRef = 24BC235222D2161400AE02B9 /* Geocoder.swift */; };
		24BC235622D22D3200AE02B9 /* ReverseGeocodeResponse.swift in Sources */ = {isa = PBXBuildFile; fileRef = 24BC235522D22D3200AE02B9 /* ReverseGeocodeResponse.swift */; };
		24BC2BFC22CF739B00467F56 /* PlacesDataSource.swift in Sources */ = {isa = PBXBuildFile; fileRef = 24BC2BFB22CF739B00467F56 /* PlacesDataSource.swift */; };
		284322BD2416DB5400315566 /* GoogleMaps.framework in Frameworks */ = {isa = PBXBuildFile; fileRef = 2465877422CE6C4200F17A44 /* GoogleMaps.framework */; };
		284322BE2416DB5400315566 /* GoogleMapsBase.framework in Frameworks */ = {isa = PBXBuildFile; fileRef = 2465877822CE6C4200F17A44 /* GoogleMapsBase.framework */; };
		284322BF2416DB5400315566 /* GoogleMapsCore.framework in Frameworks */ = {isa = PBXBuildFile; fileRef = 2465877522CE6C4200F17A44 /* GoogleMapsCore.framework */; };
		284322C02416DB5400315566 /* GooglePlaces.framework in Frameworks */ = {isa = PBXBuildFile; fileRef = 2465877622CE6C4200F17A44 /* GooglePlaces.framework */; };
/* End PBXBuildFile section */

/* Begin PBXContainerItemProxy section */
		242FBC1322CCC01E001C6789 /* PBXContainerItemProxy */ = {
			isa = PBXContainerItemProxy;
			containerPortal = 242FBBF622CCC01C001C6789 /* Project object */;
			proxyType = 1;
			remoteGlobalIDString = 242FBBFD22CCC01C001C6789;
			remoteInfo = PlacesPicker;
		};
		2465878E22CE6DEF00F17A44 /* PBXContainerItemProxy */ = {
			isa = PBXContainerItemProxy;
			containerPortal = 242FBBF622CCC01C001C6789 /* Project object */;
			proxyType = 1;
			remoteGlobalIDString = 2465878322CE6DEF00F17A44;
			remoteInfo = "PlacePicker-iOS";
		};
		2465879022CE6DEF00F17A44 /* PBXContainerItemProxy */ = {
			isa = PBXContainerItemProxy;
			containerPortal = 242FBBF622CCC01C001C6789 /* Project object */;
			proxyType = 1;
			remoteGlobalIDString = 242FBBFD22CCC01C001C6789;
			remoteInfo = PlacesPicker;
		};
		2465879722CE6DEF00F17A44 /* PBXContainerItemProxy */ = {
			isa = PBXContainerItemProxy;
			containerPortal = 242FBBF622CCC01C001C6789 /* Project object */;
			proxyType = 1;
			remoteGlobalIDString = 2465878322CE6DEF00F17A44;
			remoteInfo = "PlacePicker-iOS";
		};
/* End PBXContainerItemProxy section */

/* Begin PBXCopyFilesBuildPhase section */
		2465879E22CE6DEF00F17A44 /* Embed Frameworks */ = {
			isa = PBXCopyFilesBuildPhase;
			buildActionMask = 2147483647;
			dstPath = "";
			dstSubfolderSpec = 10;
			files = (
				2465879A22CE6DEF00F17A44 /* PlacePicker.framework in Embed Frameworks */,
			);
			name = "Embed Frameworks";
			runOnlyForDeploymentPostprocessing = 0;
		};
/* End PBXCopyFilesBuildPhase section */

/* Begin PBXFileReference section */
		242FBBFE22CCC01C001C6789 /* PlacesPicker.app */ = {isa = PBXFileReference; explicitFileType = wrapper.application; includeInIndex = 0; path = PlacesPicker.app; sourceTree = BUILT_PRODUCTS_DIR; };
		242FBC0122CCC01C001C6789 /* AppDelegate.swift */ = {isa = PBXFileReference; lastKnownFileType = sourcecode.swift; path = AppDelegate.swift; sourceTree = "<group>"; };
		242FBC0322CCC01C001C6789 /* ViewController.swift */ = {isa = PBXFileReference; indentWidth = 4; lastKnownFileType = sourcecode.swift; path = ViewController.swift; sourceTree = "<group>"; tabWidth = 4; };
		242FBC0622CCC01C001C6789 /* Base */ = {isa = PBXFileReference; lastKnownFileType = file.storyboard; name = Base; path = Base.lproj/Main.storyboard; sourceTree = "<group>"; };
		242FBC0822CCC01E001C6789 /* Assets.xcassets */ = {isa = PBXFileReference; lastKnownFileType = folder.assetcatalog; path = Assets.xcassets; sourceTree = "<group>"; };
		242FBC0B22CCC01E001C6789 /* Base */ = {isa = PBXFileReference; lastKnownFileType = file.storyboard; name = Base; path = Base.lproj/LaunchScreen.storyboard; sourceTree = "<group>"; };
		242FBC0D22CCC01E001C6789 /* Info.plist */ = {isa = PBXFileReference; lastKnownFileType = text.plist.xml; path = Info.plist; sourceTree = "<group>"; };
		242FBC1222CCC01E001C6789 /* PlacesPickerTests.xctest */ = {isa = PBXFileReference; explicitFileType = wrapper.cfbundle; includeInIndex = 0; path = PlacesPickerTests.xctest; sourceTree = BUILT_PRODUCTS_DIR; };
		242FBC1622CCC01E001C6789 /* PlacesPickerTests.swift */ = {isa = PBXFileReference; lastKnownFileType = sourcecode.swift; path = PlacesPickerTests.swift; sourceTree = "<group>"; };
		242FBC1822CCC01E001C6789 /* Info.plist */ = {isa = PBXFileReference; lastKnownFileType = text.plist.xml; path = Info.plist; sourceTree = "<group>"; };
		2465877422CE6C4200F17A44 /* GoogleMaps.framework */ = {isa = PBXFileReference; lastKnownFileType = wrapper.framework; name = GoogleMaps.framework; path = Carthage/Build/iOS/GoogleMaps.framework; sourceTree = SOURCE_ROOT; };
		2465877522CE6C4200F17A44 /* GoogleMapsCore.framework */ = {isa = PBXFileReference; lastKnownFileType = wrapper.framework; name = GoogleMapsCore.framework; path = Carthage/Build/iOS/GoogleMapsCore.framework; sourceTree = SOURCE_ROOT; };
		2465877622CE6C4200F17A44 /* GooglePlaces.framework */ = {isa = PBXFileReference; lastKnownFileType = wrapper.framework; name = GooglePlaces.framework; path = Carthage/Build/iOS/GooglePlaces.framework; sourceTree = SOURCE_ROOT; };
		2465877822CE6C4200F17A44 /* GoogleMapsBase.framework */ = {isa = PBXFileReference; lastKnownFileType = wrapper.framework; name = GoogleMapsBase.framework; path = Carthage/Build/iOS/GoogleMapsBase.framework; sourceTree = SOURCE_ROOT; };
		2465878422CE6DEF00F17A44 /* PlacePicker.framework */ = {isa = PBXFileReference; explicitFileType = wrapper.framework; includeInIndex = 0; path = PlacePicker.framework; sourceTree = BUILT_PRODUCTS_DIR; };
		2465878622CE6DEF00F17A44 /* PlacePicker_iOS.h */ = {isa = PBXFileReference; lastKnownFileType = sourcecode.c.h; path = PlacePicker_iOS.h; sourceTree = "<group>"; };
		2465878722CE6DEF00F17A44 /* Info.plist */ = {isa = PBXFileReference; lastKnownFileType = text.plist.xml; path = Info.plist; sourceTree = "<group>"; };
		2465878C22CE6DEF00F17A44 /* PlacePicker-iOSTests.xctest */ = {isa = PBXFileReference; explicitFileType = wrapper.cfbundle; includeInIndex = 0; path = "PlacePicker-iOSTests.xctest"; sourceTree = BUILT_PRODUCTS_DIR; };
		2465879322CE6DEF00F17A44 /* PlacePicker_iOSTests.swift */ = {isa = PBXFileReference; indentWidth = 4; lastKnownFileType = sourcecode.swift; path = PlacePicker_iOSTests.swift; sourceTree = "<group>"; tabWidth = 4; };
		2465879522CE6DEF00F17A44 /* Info.plist */ = {isa = PBXFileReference; lastKnownFileType = text.plist.xml; path = Info.plist; sourceTree = "<group>"; };
		246587A222CE6E1100F17A44 /* PlacePicker.swift */ = {isa = PBXFileReference; lastKnownFileType = sourcecode.swift; path = PlacePicker.swift; sourceTree = "<group>"; };
		246587A822CF490B00F17A44 /* PlacePickerView.swift */ = {isa = PBXFileReference; lastKnownFileType = sourcecode.swift; path = PlacePickerView.swift; sourceTree = "<group>"; };
		246587AA22CF499800F17A44 /* PlacePickerController.swift */ = {isa = PBXFileReference; lastKnownFileType = sourcecode.swift; path = PlacePickerController.swift; sourceTree = "<group>"; };
		246587AC22CF49BB00F17A44 /* PlacePickerConfig.swift */ = {isa = PBXFileReference; lastKnownFileType = sourcecode.swift; path = PlacePickerConfig.swift; sourceTree = "<group>"; };
		24BC234422D1C41900AE02B9 /* DefaultPlacesListRenderer.swift */ = {isa = PBXFileReference; lastKnownFileType = sourcecode.swift; path = DefaultPlacesListRenderer.swift; sourceTree = "<group>"; };
		24BC234622D1F1F700AE02B9 /* PlacesPickerDelegate.swift */ = {isa = PBXFileReference; lastKnownFileType = sourcecode.swift; path = PlacesPickerDelegate.swift; sourceTree = "<group>"; };
		24BC234822D1F2B400AE02B9 /* PlacesError.swift */ = {isa = PBXFileReference; lastKnownFileType = sourcecode.swift; path = PlacesError.swift; sourceTree = "<group>"; };
		24BC234A22D1F2F100AE02B9 /* ListState.swift */ = {isa = PBXFileReference; lastKnownFileType = sourcecode.swift; path = ListState.swift; sourceTree = "<group>"; };
		24BC234C22D1F30E00AE02B9 /* PlacesListObjectType.swift */ = {isa = PBXFileReference; lastKnownFileType = sourcecode.swift; path = PlacesListObjectType.swift; sourceTree = "<group>"; };
		24BC234E22D1F49000AE02B9 /* PlacesListRenderer.swift */ = {isa = PBXFileReference; lastKnownFileType = sourcecode.swift; path = PlacesListRenderer.swift; sourceTree = "<group>"; };
		24BC235022D1FE5E00AE02B9 /* PickerRenderer.swift */ = {isa = PBXFileReference; lastKnownFileType = sourcecode.swift; path = PickerRenderer.swift; sourceTree = "<group>"; };
		24BC235222D2161400AE02B9 /* Geocoder.swift */ = {isa = PBXFileReference; indentWidth = 4; lastKnownFileType = sourcecode.swift; path = Geocoder.swift; sourceTree = "<group>"; tabWidth = 4; };
		24BC235522D22D3200AE02B9 /* ReverseGeocodeResponse.swift */ = {isa = PBXFileReference; lastKnownFileType = sourcecode.swift; path = ReverseGeocodeResponse.swift; sourceTree = "<group>"; };
		24BC2BFB22CF739B00467F56 /* PlacesDataSource.swift */ = {isa = PBXFileReference; lastKnownFileType = sourcecode.swift; path = PlacesDataSource.swift; sourceTree = "<group>"; };
/* End PBXFileReference section */

/* Begin PBXFrameworksBuildPhase section */
		242FBBFB22CCC01C001C6789 /* Frameworks */ = {
			isa = PBXFrameworksBuildPhase;
			buildActionMask = 2147483647;
			files = (
				2465877D22CE6C4300F17A44 /* GoogleMapsBase.framework in Frameworks */,
				2465877B22CE6C4300F17A44 /* GooglePlaces.framework in Frameworks */,
				2465877922CE6C4200F17A44 /* GoogleMaps.framework in Frameworks */,
				2465879922CE6DEF00F17A44 /* PlacePicker.framework in Frameworks */,
				2465877A22CE6C4300F17A44 /* GoogleMapsCore.framework in Frameworks */,
			);
			runOnlyForDeploymentPostprocessing = 0;
		};
		242FBC0F22CCC01E001C6789 /* Frameworks */ = {
			isa = PBXFrameworksBuildPhase;
			buildActionMask = 2147483647;
			files = (
			);
			runOnlyForDeploymentPostprocessing = 0;
		};
		2465878122CE6DEF00F17A44 /* Frameworks */ = {
			isa = PBXFrameworksBuildPhase;
			buildActionMask = 2147483647;
			files = (
				246587A422CF28D900F17A44 /* GoogleMaps.framework in Frameworks */,
				246587A622CF28D900F17A44 /* GoogleMapsCore.framework in Frameworks */,
				246587A522CF28D900F17A44 /* GoogleMapsBase.framework in Frameworks */,
				246587A722CF28D900F17A44 /* GooglePlaces.framework in Frameworks */,
			);
			runOnlyForDeploymentPostprocessing = 0;
		};
		2465878922CE6DEF00F17A44 /* Frameworks */ = {
			isa = PBXFrameworksBuildPhase;
			buildActionMask = 2147483647;
			files = (
				2465878D22CE6DEF00F17A44 /* PlacePicker.framework in Frameworks */,
				284322BD2416DB5400315566 /* GoogleMaps.framework in Frameworks */,
				284322BE2416DB5400315566 /* GoogleMapsBase.framework in Frameworks */,
				284322BF2416DB5400315566 /* GoogleMapsCore.framework in Frameworks */,
				284322C02416DB5400315566 /* GooglePlaces.framework in Frameworks */,
			);
			runOnlyForDeploymentPostprocessing = 0;
		};
/* End PBXFrameworksBuildPhase section */

/* Begin PBXGroup section */
		242FBBF522CCC01C001C6789 = {
			isa = PBXGroup;
			children = (
				242FBC0022CCC01C001C6789 /* PlacesPicker */,
				2465878522CE6DEF00F17A44 /* PlacePicker-iOS */,
				2465879222CE6DEF00F17A44 /* PlacePicker-iOSTests */,
				2465877322CE6C2400F17A44 /* Frameworks */,
				242FBC1522CCC01E001C6789 /* PlacesPickerTests */,
				242FBBFF22CCC01C001C6789 /* Products */,
			);
			sourceTree = "<group>";
		};
		242FBBFF22CCC01C001C6789 /* Products */ = {
			isa = PBXGroup;
			children = (
				242FBBFE22CCC01C001C6789 /* PlacesPicker.app */,
				242FBC1222CCC01E001C6789 /* PlacesPickerTests.xctest */,
				2465878422CE6DEF00F17A44 /* PlacePicker.framework */,
				2465878C22CE6DEF00F17A44 /* PlacePicker-iOSTests.xctest */,
			);
			name = Products;
			sourceTree = "<group>";
		};
		242FBC0022CCC01C001C6789 /* PlacesPicker */ = {
			isa = PBXGroup;
			children = (
				2465877E22CE6D0F00F17A44 /* Classes */,
				242FBC0122CCC01C001C6789 /* AppDelegate.swift */,
				242FBC0322CCC01C001C6789 /* ViewController.swift */,
				242FBC0522CCC01C001C6789 /* Main.storyboard */,
				242FBC0822CCC01E001C6789 /* Assets.xcassets */,
				242FBC0A22CCC01E001C6789 /* LaunchScreen.storyboard */,
				242FBC0D22CCC01E001C6789 /* Info.plist */,
			);
			path = PlacesPicker;
			sourceTree = "<group>";
		};
		242FBC1522CCC01E001C6789 /* PlacesPickerTests */ = {
			isa = PBXGroup;
			children = (
				242FBC1622CCC01E001C6789 /* PlacesPickerTests.swift */,
				242FBC1822CCC01E001C6789 /* Info.plist */,
			);
			path = PlacesPickerTests;
			sourceTree = "<group>";
		};
		2465877322CE6C2400F17A44 /* Frameworks */ = {
			isa = PBXGroup;
			children = (
				2465877422CE6C4200F17A44 /* GoogleMaps.framework */,
				2465877822CE6C4200F17A44 /* GoogleMapsBase.framework */,
				2465877522CE6C4200F17A44 /* GoogleMapsCore.framework */,
				2465877622CE6C4200F17A44 /* GooglePlaces.framework */,
			);
			path = Frameworks;
			sourceTree = "<group>";
		};
		2465877E22CE6D0F00F17A44 /* Classes */ = {
			isa = PBXGroup;
			children = (
				62230B49241784C50029FC30 /* PublicAPI */,
				62230B48241784BB0029FC30 /* Internal */,
			);
			path = Classes;
			sourceTree = "<group>";
		};
		2465878522CE6DEF00F17A44 /* PlacePicker-iOS */ = {
			isa = PBXGroup;
			children = (
				2465878622CE6DEF00F17A44 /* PlacePicker_iOS.h */,
				2465878722CE6DEF00F17A44 /* Info.plist */,
			);
			path = "PlacePicker-iOS";
			sourceTree = "<group>";
		};
		2465879222CE6DEF00F17A44 /* PlacePicker-iOSTests */ = {
			isa = PBXGroup;
			children = (
				2465879322CE6DEF00F17A44 /* PlacePicker_iOSTests.swift */,
				2465879522CE6DEF00F17A44 /* Info.plist */,
			);
			path = "PlacePicker-iOSTests";
			sourceTree = "<group>";
		};
		62230B48241784BB0029FC30 /* Internal */ = {
			isa = PBXGroup;
			children = (
				24BC235522D22D3200AE02B9 /* ReverseGeocodeResponse.swift */,
				24BC235222D2161400AE02B9 /* Geocoder.swift */,
				24BC234422D1C41900AE02B9 /* DefaultPlacesListRenderer.swift */,
				24BC234822D1F2B400AE02B9 /* PlacesError.swift */,
				24BC234E22D1F49000AE02B9 /* PlacesListRenderer.swift */,
				24BC234C22D1F30E00AE02B9 /* PlacesListObjectType.swift */,
				24BC2BFB22CF739B00467F56 /* PlacesDataSource.swift */,
				24BC234A22D1F2F100AE02B9 /* ListState.swift */,
				246587AA22CF499800F17A44 /* PlacePickerController.swift */,
				246587A822CF490B00F17A44 /* PlacePickerView.swift */,
			);
			path = Internal;
			sourceTree = "<group>";
		};
		62230B49241784C50029FC30 /* PublicAPI */ = {
			isa = PBXGroup;
			children = (
				246587AC22CF49BB00F17A44 /* PlacePickerConfig.swift */,
				24BC235022D1FE5E00AE02B9 /* PickerRenderer.swift */,
				246587A222CE6E1100F17A44 /* PlacePicker.swift */,
				24BC234622D1F1F700AE02B9 /* PlacesPickerDelegate.swift */,
			);
			path = PublicAPI;
			sourceTree = "<group>";
		};
/* End PBXGroup section */

/* Begin PBXHeadersBuildPhase section */
		2465877F22CE6DEF00F17A44 /* Headers */ = {
			isa = PBXHeadersBuildPhase;
			buildActionMask = 2147483647;
			files = (
				2465879622CE6DEF00F17A44 /* PlacePicker_iOS.h in Headers */,
			);
			runOnlyForDeploymentPostprocessing = 0;
		};
/* End PBXHeadersBuildPhase section */

/* Begin PBXNativeTarget section */
		242FBBFD22CCC01C001C6789 /* PlacesPicker */ = {
			isa = PBXNativeTarget;
			buildConfigurationList = 242FBC1B22CCC01E001C6789 /* Build configuration list for PBXNativeTarget "PlacesPicker" */;
			buildPhases = (
				242FBBFA22CCC01C001C6789 /* Sources */,
				242FBBFB22CCC01C001C6789 /* Frameworks */,
				242FBBFC22CCC01C001C6789 /* Resources */,
				2465877222CE6B6F00F17A44 /* Carthage */,
				2465879E22CE6DEF00F17A44 /* Embed Frameworks */,
			);
			buildRules = (
			);
			dependencies = (
				2465879822CE6DEF00F17A44 /* PBXTargetDependency */,
			);
			name = PlacesPicker;
			productName = PlacesPicker;
			productReference = 242FBBFE22CCC01C001C6789 /* PlacesPicker.app */;
			productType = "com.apple.product-type.application";
		};
		242FBC1122CCC01E001C6789 /* PlacesPickerTests */ = {
			isa = PBXNativeTarget;
			buildConfigurationList = 242FBC1E22CCC01E001C6789 /* Build configuration list for PBXNativeTarget "PlacesPickerTests" */;
			buildPhases = (
				242FBC0E22CCC01E001C6789 /* Sources */,
				242FBC0F22CCC01E001C6789 /* Frameworks */,
				242FBC1022CCC01E001C6789 /* Resources */,
			);
			buildRules = (
			);
			dependencies = (
				242FBC1422CCC01E001C6789 /* PBXTargetDependency */,
			);
			name = PlacesPickerTests;
			productName = PlacesPickerTests;
			productReference = 242FBC1222CCC01E001C6789 /* PlacesPickerTests.xctest */;
			productType = "com.apple.product-type.bundle.unit-test";
		};
		2465878322CE6DEF00F17A44 /* PlacePicker-iOS */ = {
			isa = PBXNativeTarget;
			buildConfigurationList = 2465879B22CE6DEF00F17A44 /* Build configuration list for PBXNativeTarget "PlacePicker-iOS" */;
			buildPhases = (
				2465877F22CE6DEF00F17A44 /* Headers */,
				2465878022CE6DEF00F17A44 /* Sources */,
				2465878122CE6DEF00F17A44 /* Frameworks */,
				2465878222CE6DEF00F17A44 /* Resources */,
			);
			buildRules = (
			);
			dependencies = (
			);
			name = "PlacePicker-iOS";
			productName = "PlacePicker-iOS";
			productReference = 2465878422CE6DEF00F17A44 /* PlacePicker.framework */;
			productType = "com.apple.product-type.framework";
		};
		2465878B22CE6DEF00F17A44 /* PlacePicker-iOSTests */ = {
			isa = PBXNativeTarget;
			buildConfigurationList = 2465879F22CE6DEF00F17A44 /* Build configuration list for PBXNativeTarget "PlacePicker-iOSTests" */;
			buildPhases = (
				2465878822CE6DEF00F17A44 /* Sources */,
				2465878922CE6DEF00F17A44 /* Frameworks */,
				2465878A22CE6DEF00F17A44 /* Resources */,
			);
			buildRules = (
			);
			dependencies = (
				2465878F22CE6DEF00F17A44 /* PBXTargetDependency */,
				2465879122CE6DEF00F17A44 /* PBXTargetDependency */,
			);
			name = "PlacePicker-iOSTests";
			productName = "PlacePicker-iOSTests";
			productReference = 2465878C22CE6DEF00F17A44 /* PlacePicker-iOSTests.xctest */;
			productType = "com.apple.product-type.bundle.unit-test";
		};
/* End PBXNativeTarget section */

/* Begin PBXProject section */
		242FBBF622CCC01C001C6789 /* Project object */ = {
			isa = PBXProject;
			attributes = {
				LastSwiftUpdateCheck = 1020;
				LastUpgradeCheck = 1020;
				ORGANIZATIONNAME = "Piotr Bernad";
				TargetAttributes = {
					242FBBFD22CCC01C001C6789 = {
						CreatedOnToolsVersion = 10.2.1;
					};
					242FBC1122CCC01E001C6789 = {
						CreatedOnToolsVersion = 10.2.1;
						TestTargetID = 242FBBFD22CCC01C001C6789;
					};
					2465878322CE6DEF00F17A44 = {
						CreatedOnToolsVersion = 10.2.1;
						LastSwiftMigration = 1020;
					};
					2465878B22CE6DEF00F17A44 = {
						CreatedOnToolsVersion = 10.2.1;
						TestTargetID = 242FBBFD22CCC01C001C6789;
					};
				};
			};
			buildConfigurationList = 242FBBF922CCC01C001C6789 /* Build configuration list for PBXProject "PlacesPicker" */;
			compatibilityVersion = "Xcode 9.3";
			developmentRegion = en;
			hasScannedForEncodings = 0;
			knownRegions = (
				en,
				Base,
			);
			mainGroup = 242FBBF522CCC01C001C6789;
			productRefGroup = 242FBBFF22CCC01C001C6789 /* Products */;
			projectDirPath = "";
			projectRoot = "";
			targets = (
				242FBBFD22CCC01C001C6789 /* PlacesPicker */,
				242FBC1122CCC01E001C6789 /* PlacesPickerTests */,
				2465878322CE6DEF00F17A44 /* PlacePicker-iOS */,
				2465878B22CE6DEF00F17A44 /* PlacePicker-iOSTests */,
			);
		};
/* End PBXProject section */

/* Begin PBXResourcesBuildPhase section */
		242FBBFC22CCC01C001C6789 /* Resources */ = {
			isa = PBXResourcesBuildPhase;
			buildActionMask = 2147483647;
			files = (
				242FBC0C22CCC01E001C6789 /* LaunchScreen.storyboard in Resources */,
				242FBC0922CCC01E001C6789 /* Assets.xcassets in Resources */,
				242FBC0722CCC01C001C6789 /* Main.storyboard in Resources */,
			);
			runOnlyForDeploymentPostprocessing = 0;
		};
		242FBC1022CCC01E001C6789 /* Resources */ = {
			isa = PBXResourcesBuildPhase;
			buildActionMask = 2147483647;
			files = (
			);
			runOnlyForDeploymentPostprocessing = 0;
		};
		2465878222CE6DEF00F17A44 /* Resources */ = {
			isa = PBXResourcesBuildPhase;
			buildActionMask = 2147483647;
			files = (
			);
			runOnlyForDeploymentPostprocessing = 0;
		};
		2465878A22CE6DEF00F17A44 /* Resources */ = {
			isa = PBXResourcesBuildPhase;
			buildActionMask = 2147483647;
			files = (
			);
			runOnlyForDeploymentPostprocessing = 0;
		};
/* End PBXResourcesBuildPhase section */

/* Begin PBXShellScriptBuildPhase section */
		2465877222CE6B6F00F17A44 /* Carthage */ = {
			isa = PBXShellScriptBuildPhase;
			buildActionMask = 2147483647;
			files = (
			);
			inputFileListPaths = (
			);
			inputPaths = (
				"$(SRCROOT)/Carthage/Build/iOS/GoogleMaps.framework",
				"$(SRCROOT)/Carthage/Build/iOS/GoogleMapsBase.framework",
				"$(SRCROOT)/Carthage/Build/iOS/GoogleMapsCore.framework",
				"$(SRCROOT)/Carthage/Build/iOS/GooglePlaces.framework",
			);
			name = Carthage;
			outputFileListPaths = (
			);
			outputPaths = (
				"$(BUILT_PRODUCTS_DIR)/$(FRAMEWORKS_FOLDER_PATH)/GoogleMaps.framework",
				"$(BUILT_PRODUCTS_DIR)/$(FRAMEWORKS_FOLDER_PATH)/GoogleMapsBase.framework",
				"$(BUILT_PRODUCTS_DIR)/$(FRAMEWORKS_FOLDER_PATH)/GoogleMapsCore.framework",
				"$(BUILT_PRODUCTS_DIR)/$(FRAMEWORKS_FOLDER_PATH)/GooglePlaces.framework",
			);
			runOnlyForDeploymentPostprocessing = 0;
			shellPath = /bin/sh;
			shellScript = "/usr/local/bin/carthage copy-frameworks\n";
		};
/* End PBXShellScriptBuildPhase section */

/* Begin PBXSourcesBuildPhase section */
		242FBBFA22CCC01C001C6789 /* Sources */ = {
			isa = PBXSourcesBuildPhase;
			buildActionMask = 2147483647;
			files = (
				242FBC0422CCC01C001C6789 /* ViewController.swift in Sources */,
				242FBC0222CCC01C001C6789 /* AppDelegate.swift in Sources */,
			);
			runOnlyForDeploymentPostprocessing = 0;
		};
		242FBC0E22CCC01E001C6789 /* Sources */ = {
			isa = PBXSourcesBuildPhase;
			buildActionMask = 2147483647;
			files = (
				242FBC1722CCC01E001C6789 /* PlacesPickerTests.swift in Sources */,
			);
			runOnlyForDeploymentPostprocessing = 0;
		};
		2465878022CE6DEF00F17A44 /* Sources */ = {
			isa = PBXSourcesBuildPhase;
			buildActionMask = 2147483647;
			files = (
				24BC234D22D1F30E00AE02B9 /* PlacesListObjectType.swift in Sources */,
				246587A922CF490B00F17A44 /* PlacePickerView.swift in Sources */,
				246587A322CE6E1100F17A44 /* PlacePicker.swift in Sources */,
				24BC234F22D1F49000AE02B9 /* PlacesListRenderer.swift in Sources */,
				24BC234B22D1F2F100AE02B9 /* ListState.swift in Sources */,
				24BC234522D1C41900AE02B9 /* DefaultPlacesListRenderer.swift in Sources */,
				24BC2BFC22CF739B00467F56 /* PlacesDataSource.swift in Sources */,
				246587AB22CF499800F17A44 /* PlacePickerController.swift in Sources */,
				24BC235122D1FE5E00AE02B9 /* PickerRenderer.swift in Sources */,
				24BC235422D2187700AE02B9 /* Geocoder.swift in Sources */,
				24BC234722D1F1F700AE02B9 /* PlacesPickerDelegate.swift in Sources */,
				24BC234922D1F2B400AE02B9 /* PlacesError.swift in Sources */,
				24BC235622D22D3200AE02B9 /* ReverseGeocodeResponse.swift in Sources */,
				246587AD22CF49BB00F17A44 /* PlacePickerConfig.swift in Sources */,
			);
			runOnlyForDeploymentPostprocessing = 0;
		};
		2465878822CE6DEF00F17A44 /* Sources */ = {
			isa = PBXSourcesBuildPhase;
			buildActionMask = 2147483647;
			files = (
				2465879422CE6DEF00F17A44 /* PlacePicker_iOSTests.swift in Sources */,
			);
			runOnlyForDeploymentPostprocessing = 0;
		};
/* End PBXSourcesBuildPhase section */

/* Begin PBXTargetDependency section */
		242FBC1422CCC01E001C6789 /* PBXTargetDependency */ = {
			isa = PBXTargetDependency;
			target = 242FBBFD22CCC01C001C6789 /* PlacesPicker */;
			targetProxy = 242FBC1322CCC01E001C6789 /* PBXContainerItemProxy */;
		};
		2465878F22CE6DEF00F17A44 /* PBXTargetDependency */ = {
			isa = PBXTargetDependency;
			target = 2465878322CE6DEF00F17A44 /* PlacePicker-iOS */;
			targetProxy = 2465878E22CE6DEF00F17A44 /* PBXContainerItemProxy */;
		};
		2465879122CE6DEF00F17A44 /* PBXTargetDependency */ = {
			isa = PBXTargetDependency;
			target = 242FBBFD22CCC01C001C6789 /* PlacesPicker */;
			targetProxy = 2465879022CE6DEF00F17A44 /* PBXContainerItemProxy */;
		};
		2465879822CE6DEF00F17A44 /* PBXTargetDependency */ = {
			isa = PBXTargetDependency;
			target = 2465878322CE6DEF00F17A44 /* PlacePicker-iOS */;
			targetProxy = 2465879722CE6DEF00F17A44 /* PBXContainerItemProxy */;
		};
/* End PBXTargetDependency section */

/* Begin PBXVariantGroup section */
		242FBC0522CCC01C001C6789 /* Main.storyboard */ = {
			isa = PBXVariantGroup;
			children = (
				242FBC0622CCC01C001C6789 /* Base */,
			);
			name = Main.storyboard;
			sourceTree = "<group>";
		};
		242FBC0A22CCC01E001C6789 /* LaunchScreen.storyboard */ = {
			isa = PBXVariantGroup;
			children = (
				242FBC0B22CCC01E001C6789 /* Base */,
			);
			name = LaunchScreen.storyboard;
			sourceTree = "<group>";
		};
/* End PBXVariantGroup section */

/* Begin XCBuildConfiguration section */
		242FBC1922CCC01E001C6789 /* Debug */ = {
			isa = XCBuildConfiguration;
			buildSettings = {
				ALWAYS_SEARCH_USER_PATHS = NO;
				CLANG_ANALYZER_NONNULL = YES;
				CLANG_ANALYZER_NUMBER_OBJECT_CONVERSION = YES_AGGRESSIVE;
				CLANG_CXX_LANGUAGE_STANDARD = "gnu++14";
				CLANG_CXX_LIBRARY = "libc++";
				CLANG_ENABLE_MODULES = YES;
				CLANG_ENABLE_OBJC_ARC = YES;
				CLANG_ENABLE_OBJC_WEAK = YES;
				CLANG_WARN_BLOCK_CAPTURE_AUTORELEASING = YES;
				CLANG_WARN_BOOL_CONVERSION = YES;
				CLANG_WARN_COMMA = YES;
				CLANG_WARN_CONSTANT_CONVERSION = YES;
				CLANG_WARN_DEPRECATED_OBJC_IMPLEMENTATIONS = YES;
				CLANG_WARN_DIRECT_OBJC_ISA_USAGE = YES_ERROR;
				CLANG_WARN_DOCUMENTATION_COMMENTS = YES;
				CLANG_WARN_EMPTY_BODY = YES;
				CLANG_WARN_ENUM_CONVERSION = YES;
				CLANG_WARN_INFINITE_RECURSION = YES;
				CLANG_WARN_INT_CONVERSION = YES;
				CLANG_WARN_NON_LITERAL_NULL_CONVERSION = YES;
				CLANG_WARN_OBJC_IMPLICIT_RETAIN_SELF = YES;
				CLANG_WARN_OBJC_LITERAL_CONVERSION = YES;
				CLANG_WARN_OBJC_ROOT_CLASS = YES_ERROR;
				CLANG_WARN_RANGE_LOOP_ANALYSIS = YES;
				CLANG_WARN_STRICT_PROTOTYPES = YES;
				CLANG_WARN_SUSPICIOUS_MOVE = YES;
				CLANG_WARN_UNGUARDED_AVAILABILITY = YES_AGGRESSIVE;
				CLANG_WARN_UNREACHABLE_CODE = YES;
				CLANG_WARN__DUPLICATE_METHOD_MATCH = YES;
				CODE_SIGN_IDENTITY = "iPhone Developer";
				COPY_PHASE_STRIP = NO;
				DEBUG_INFORMATION_FORMAT = dwarf;
				ENABLE_STRICT_OBJC_MSGSEND = YES;
				ENABLE_TESTABILITY = YES;
				GCC_C_LANGUAGE_STANDARD = gnu11;
				GCC_DYNAMIC_NO_PIC = NO;
				GCC_NO_COMMON_BLOCKS = YES;
				GCC_OPTIMIZATION_LEVEL = 0;
				GCC_PREPROCESSOR_DEFINITIONS = (
					"DEBUG=1",
					"$(inherited)",
				);
				GCC_WARN_64_TO_32_BIT_CONVERSION = YES;
				GCC_WARN_ABOUT_RETURN_TYPE = YES_ERROR;
				GCC_WARN_UNDECLARED_SELECTOR = YES;
				GCC_WARN_UNINITIALIZED_AUTOS = YES_AGGRESSIVE;
				GCC_WARN_UNUSED_FUNCTION = YES;
				GCC_WARN_UNUSED_VARIABLE = YES;
				IPHONEOS_DEPLOYMENT_TARGET = 11.0;
				MTL_ENABLE_DEBUG_INFO = INCLUDE_SOURCE;
				MTL_FAST_MATH = YES;
				ONLY_ACTIVE_ARCH = YES;
				SDKROOT = iphoneos;
				SWIFT_ACTIVE_COMPILATION_CONDITIONS = DEBUG;
				SWIFT_OPTIMIZATION_LEVEL = "-Onone";
			};
			name = Debug;
		};
		242FBC1A22CCC01E001C6789 /* Release */ = {
			isa = XCBuildConfiguration;
			buildSettings = {
				ALWAYS_SEARCH_USER_PATHS = NO;
				CLANG_ANALYZER_NONNULL = YES;
				CLANG_ANALYZER_NUMBER_OBJECT_CONVERSION = YES_AGGRESSIVE;
				CLANG_CXX_LANGUAGE_STANDARD = "gnu++14";
				CLANG_CXX_LIBRARY = "libc++";
				CLANG_ENABLE_MODULES = YES;
				CLANG_ENABLE_OBJC_ARC = YES;
				CLANG_ENABLE_OBJC_WEAK = YES;
				CLANG_WARN_BLOCK_CAPTURE_AUTORELEASING = YES;
				CLANG_WARN_BOOL_CONVERSION = YES;
				CLANG_WARN_COMMA = YES;
				CLANG_WARN_CONSTANT_CONVERSION = YES;
				CLANG_WARN_DEPRECATED_OBJC_IMPLEMENTATIONS = YES;
				CLANG_WARN_DIRECT_OBJC_ISA_USAGE = YES_ERROR;
				CLANG_WARN_DOCUMENTATION_COMMENTS = YES;
				CLANG_WARN_EMPTY_BODY = YES;
				CLANG_WARN_ENUM_CONVERSION = YES;
				CLANG_WARN_INFINITE_RECURSION = YES;
				CLANG_WARN_INT_CONVERSION = YES;
				CLANG_WARN_NON_LITERAL_NULL_CONVERSION = YES;
				CLANG_WARN_OBJC_IMPLICIT_RETAIN_SELF = YES;
				CLANG_WARN_OBJC_LITERAL_CONVERSION = YES;
				CLANG_WARN_OBJC_ROOT_CLASS = YES_ERROR;
				CLANG_WARN_RANGE_LOOP_ANALYSIS = YES;
				CLANG_WARN_STRICT_PROTOTYPES = YES;
				CLANG_WARN_SUSPICIOUS_MOVE = YES;
				CLANG_WARN_UNGUARDED_AVAILABILITY = YES_AGGRESSIVE;
				CLANG_WARN_UNREACHABLE_CODE = YES;
				CLANG_WARN__DUPLICATE_METHOD_MATCH = YES;
				CODE_SIGN_IDENTITY = "iPhone Developer";
				COPY_PHASE_STRIP = NO;
				DEBUG_INFORMATION_FORMAT = "dwarf-with-dsym";
				ENABLE_NS_ASSERTIONS = NO;
				ENABLE_STRICT_OBJC_MSGSEND = YES;
				GCC_C_LANGUAGE_STANDARD = gnu11;
				GCC_NO_COMMON_BLOCKS = YES;
				GCC_WARN_64_TO_32_BIT_CONVERSION = YES;
				GCC_WARN_ABOUT_RETURN_TYPE = YES_ERROR;
				GCC_WARN_UNDECLARED_SELECTOR = YES;
				GCC_WARN_UNINITIALIZED_AUTOS = YES_AGGRESSIVE;
				GCC_WARN_UNUSED_FUNCTION = YES;
				GCC_WARN_UNUSED_VARIABLE = YES;
				IPHONEOS_DEPLOYMENT_TARGET = 11.0;
				MTL_ENABLE_DEBUG_INFO = NO;
				MTL_FAST_MATH = YES;
				SDKROOT = iphoneos;
				SWIFT_COMPILATION_MODE = wholemodule;
				SWIFT_OPTIMIZATION_LEVEL = "-O";
				VALIDATE_PRODUCT = YES;
			};
			name = Release;
		};
		242FBC1C22CCC01E001C6789 /* Debug */ = {
			isa = XCBuildConfiguration;
			buildSettings = {
				ALWAYS_EMBED_SWIFT_STANDARD_LIBRARIES = YES;
				ASSETCATALOG_COMPILER_APPICON_NAME = AppIcon;
				CODE_SIGN_STYLE = Automatic;
				DEVELOPMENT_TEAM = E6WRHQXQE9;
				FRAMEWORK_SEARCH_PATHS = (
					"$(inherited)",
					"$(PROJECT_DIR)/Carthage/Build/iOS",
				);
				INFOPLIST_FILE = PlacesPicker/Info.plist;
				LD_RUNPATH_SEARCH_PATHS = (
					"$(inherited)",
					"@executable_path/Frameworks",
				);
				PRODUCT_BUNDLE_IDENTIFIER = "io.go-bro.appp";
				PRODUCT_NAME = "$(TARGET_NAME)";
				SWIFT_VERSION = 5.0;
				TARGETED_DEVICE_FAMILY = "1,2";
			};
			name = Debug;
		};
		242FBC1D22CCC01E001C6789 /* Release */ = {
			isa = XCBuildConfiguration;
			buildSettings = {
				ALWAYS_EMBED_SWIFT_STANDARD_LIBRARIES = YES;
				ASSETCATALOG_COMPILER_APPICON_NAME = AppIcon;
				CODE_SIGN_STYLE = Automatic;
				DEVELOPMENT_TEAM = E6WRHQXQE9;
				FRAMEWORK_SEARCH_PATHS = (
					"$(inherited)",
					"$(PROJECT_DIR)/Carthage/Build/iOS",
				);
				INFOPLIST_FILE = PlacesPicker/Info.plist;
				LD_RUNPATH_SEARCH_PATHS = (
					"$(inherited)",
					"@executable_path/Frameworks",
				);
				PRODUCT_BUNDLE_IDENTIFIER = "io.go-bro.appp";
				PRODUCT_NAME = "$(TARGET_NAME)";
				SWIFT_VERSION = 5.0;
				TARGETED_DEVICE_FAMILY = "1,2";
			};
			name = Release;
		};
		242FBC1F22CCC01E001C6789 /* Debug */ = {
			isa = XCBuildConfiguration;
			buildSettings = {
				ALWAYS_EMBED_SWIFT_STANDARD_LIBRARIES = YES;
				BUNDLE_LOADER = "$(TEST_HOST)";
				CODE_SIGN_STYLE = Automatic;
				DEVELOPMENT_TEAM = E6WRHQXQE9;
				INFOPLIST_FILE = PlacesPickerTests/Info.plist;
				LD_RUNPATH_SEARCH_PATHS = (
					"$(inherited)",
					"@executable_path/Frameworks",
					"@loader_path/Frameworks",
				);
				PRODUCT_BUNDLE_IDENTIFIER = com.piotrbernad.placepicker.PlacesPickerTests;
				PRODUCT_NAME = "$(TARGET_NAME)";
				SWIFT_VERSION = 5.0;
				TARGETED_DEVICE_FAMILY = "1,2";
				TEST_HOST = "$(BUILT_PRODUCTS_DIR)/PlacesPicker.app/PlacesPicker";
			};
			name = Debug;
		};
		242FBC2022CCC01E001C6789 /* Release */ = {
			isa = XCBuildConfiguration;
			buildSettings = {
				ALWAYS_EMBED_SWIFT_STANDARD_LIBRARIES = YES;
				BUNDLE_LOADER = "$(TEST_HOST)";
				CODE_SIGN_STYLE = Automatic;
				DEVELOPMENT_TEAM = E6WRHQXQE9;
				INFOPLIST_FILE = PlacesPickerTests/Info.plist;
				LD_RUNPATH_SEARCH_PATHS = (
					"$(inherited)",
					"@executable_path/Frameworks",
					"@loader_path/Frameworks",
				);
				PRODUCT_BUNDLE_IDENTIFIER = com.piotrbernad.placepicker.PlacesPickerTests;
				PRODUCT_NAME = "$(TARGET_NAME)";
				SWIFT_VERSION = 5.0;
				TARGETED_DEVICE_FAMILY = "1,2";
				TEST_HOST = "$(BUILT_PRODUCTS_DIR)/PlacesPicker.app/PlacesPicker";
			};
			name = Release;
		};
		2465879C22CE6DEF00F17A44 /* Debug */ = {
			isa = XCBuildConfiguration;
			buildSettings = {
				CLANG_ENABLE_MODULES = YES;
				CODE_SIGN_IDENTITY = "";
				CODE_SIGN_STYLE = Automatic;
				CURRENT_PROJECT_VERSION = 1;
				DEFINES_MODULE = YES;
				DEVELOPMENT_TEAM = E6WRHQXQE9;
				DYLIB_COMPATIBILITY_VERSION = 1;
				DYLIB_CURRENT_VERSION = 1;
				DYLIB_INSTALL_NAME_BASE = "@rpath";
				FRAMEWORK_SEARCH_PATHS = (
					"$(inherited)",
					"$(PROJECT_DIR)/Carthage/Build/iOS",
				);
				INFOPLIST_FILE = "PlacePicker-iOS/Info.plist";
				INSTALL_PATH = "$(LOCAL_LIBRARY_DIR)/Frameworks";
				LD_RUNPATH_SEARCH_PATHS = (
					"$(inherited)",
					"@executable_path/Frameworks",
					"@loader_path/Frameworks",
				);
				PRODUCT_BUNDLE_IDENTIFIER = "com.piotrbernad.placepicker.PlacePicker-iOS";
				PRODUCT_NAME = PlacePicker;
				SKIP_INSTALL = YES;
				SWIFT_OPTIMIZATION_LEVEL = "-Onone";
				SWIFT_VERSION = 5.0;
				TARGETED_DEVICE_FAMILY = "1,2";
				VERSIONING_SYSTEM = "apple-generic";
				VERSION_INFO_PREFIX = "";
			};
			name = Debug;
		};
		2465879D22CE6DEF00F17A44 /* Release */ = {
			isa = XCBuildConfiguration;
			buildSettings = {
				CLANG_ENABLE_MODULES = YES;
				CODE_SIGN_IDENTITY = "";
				CODE_SIGN_STYLE = Automatic;
				CURRENT_PROJECT_VERSION = 1;
				DEFINES_MODULE = YES;
				DEVELOPMENT_TEAM = E6WRHQXQE9;
				DYLIB_COMPATIBILITY_VERSION = 1;
				DYLIB_CURRENT_VERSION = 1;
				DYLIB_INSTALL_NAME_BASE = "@rpath";
				FRAMEWORK_SEARCH_PATHS = (
					"$(inherited)",
					"$(PROJECT_DIR)/Carthage/Build/iOS",
				);
				INFOPLIST_FILE = "PlacePicker-iOS/Info.plist";
				INSTALL_PATH = "$(LOCAL_LIBRARY_DIR)/Frameworks";
				LD_RUNPATH_SEARCH_PATHS = (
					"$(inherited)",
					"@executable_path/Frameworks",
					"@loader_path/Frameworks",
				);
				PRODUCT_BUNDLE_IDENTIFIER = "com.piotrbernad.placepicker.PlacePicker-iOS";
				PRODUCT_NAME = PlacePicker;
				SKIP_INSTALL = YES;
				SWIFT_VERSION = 5.0;
				TARGETED_DEVICE_FAMILY = "1,2";
				VERSIONING_SYSTEM = "apple-generic";
				VERSION_INFO_PREFIX = "";
			};
			name = Release;
		};
		246587A022CE6DEF00F17A44 /* Debug */ = {
			isa = XCBuildConfiguration;
			buildSettings = {
				ALWAYS_EMBED_SWIFT_STANDARD_LIBRARIES = YES;
				CODE_SIGN_STYLE = Automatic;
				DEVELOPMENT_TEAM = E6WRHQXQE9;
				FRAMEWORK_SEARCH_PATHS = (
					"$(inherited)",
					"$(PROJECT_DIR)/Carthage/Build/iOS",
				);
				INFOPLIST_FILE = "PlacePicker-iOSTests/Info.plist";
				LD_RUNPATH_SEARCH_PATHS = (
					"$(inherited)",
					"@executable_path/Frameworks",
					"@loader_path/Frameworks",
				);
				PRODUCT_BUNDLE_IDENTIFIER = "com.piotrbernad.placepicker.PlacePicker-iOSTests";
				PRODUCT_NAME = "$(TARGET_NAME)";
				SWIFT_VERSION = 5.0;
				TARGETED_DEVICE_FAMILY = "1,2";
				TEST_HOST = "$(BUILT_PRODUCTS_DIR)/PlacesPicker.app/PlacesPicker";
			};
			name = Debug;
		};
		246587A122CE6DEF00F17A44 /* Release */ = {
			isa = XCBuildConfiguration;
			buildSettings = {
				ALWAYS_EMBED_SWIFT_STANDARD_LIBRARIES = YES;
				CODE_SIGN_STYLE = Automatic;
				DEVELOPMENT_TEAM = E6WRHQXQE9;
				FRAMEWORK_SEARCH_PATHS = (
					"$(inherited)",
					"$(PROJECT_DIR)/Carthage/Build/iOS",
				);
				INFOPLIST_FILE = "PlacePicker-iOSTests/Info.plist";
				LD_RUNPATH_SEARCH_PATHS = (
					"$(inherited)",
					"@executable_path/Frameworks",
					"@loader_path/Frameworks",
				);
				PRODUCT_BUNDLE_IDENTIFIER = "com.piotrbernad.placepicker.PlacePicker-iOSTests";
				PRODUCT_NAME = "$(TARGET_NAME)";
				SWIFT_VERSION = 5.0;
				TARGETED_DEVICE_FAMILY = "1,2";
				TEST_HOST = "$(BUILT_PRODUCTS_DIR)/PlacesPicker.app/PlacesPicker";
			};
			name = Release;
		};
/* End XCBuildConfiguration section */

/* Begin XCConfigurationList section */
		242FBBF922CCC01C001C6789 /* Build configuration list for PBXProject "PlacesPicker" */ = {
			isa = XCConfigurationList;
			buildConfigurations = (
				242FBC1922CCC01E001C6789 /* Debug */,
				242FBC1A22CCC01E001C6789 /* Release */,
			);
			defaultConfigurationIsVisible = 0;
			defaultConfigurationName = Release;
		};
		242FBC1B22CCC01E001C6789 /* Build configuration list for PBXNativeTarget "PlacesPicker" */ = {
			isa = XCConfigurationList;
			buildConfigurations = (
				242FBC1C22CCC01E001C6789 /* Debug */,
				242FBC1D22CCC01E001C6789 /* Release */,
			);
			defaultConfigurationIsVisible = 0;
			defaultConfigurationName = Release;
		};
		242FBC1E22CCC01E001C6789 /* Build configuration list for PBXNativeTarget "PlacesPickerTests" */ = {
			isa = XCConfigurationList;
			buildConfigurations = (
				242FBC1F22CCC01E001C6789 /* Debug */,
				242FBC2022CCC01E001C6789 /* Release */,
			);
			defaultConfigurationIsVisible = 0;
			defaultConfigurationName = Release;
		};
		2465879B22CE6DEF00F17A44 /* Build configuration list for PBXNativeTarget "PlacePicker-iOS" */ = {
			isa = XCConfigurationList;
			buildConfigurations = (
				2465879C22CE6DEF00F17A44 /* Debug */,
				2465879D22CE6DEF00F17A44 /* Release */,
			);
			defaultConfigurationIsVisible = 0;
			defaultConfigurationName = Release;
		};
		2465879F22CE6DEF00F17A44 /* Build configuration list for PBXNativeTarget "PlacePicker-iOSTests" */ = {
			isa = XCConfigurationList;
			buildConfigurations = (
				246587A022CE6DEF00F17A44 /* Debug */,
				246587A122CE6DEF00F17A44 /* Release */,
			);
			defaultConfigurationIsVisible = 0;
			defaultConfigurationName = Release;
		};
/* End XCConfigurationList section */
	};
	rootObject = 242FBBF622CCC01C001C6789 /* Project object */;
}
